
Microsoft Visual Studio Solution File, Format Version 12.00
# Visual Studio Version 17
VisualStudioVersion = 17.5.33627.172
MinimumVisualStudioVersion = 10.0.40219.1
Project("{FAE04EC0-301F-11D3-BF4B-00C04F79EFBC}") = "SistemaDeTarefas", "SistemaDeTarefas\SistemaDeTarefas.csproj", "{5BF2EFA9-E15E-4603-BBAF-B234619AE321}"
EndProject
Global
	GlobalSection(SolutionConfigurationPlatforms) = preSolution
		Debug|Any CPU = Debug|Any CPU
		Release|Any CPU = Release|Any CPU
	EndGlobalSection
	GlobalSection(ProjectConfigurationPlatforms) = postSolution
		{5BF2EFA9-E15E-4603-BBAF-B234619AE321}.Debug|Any CPU.ActiveCfg = Debug|Any CPU
		{5BF2EFA9-E15E-4603-BBAF-B234619AE321}.Debug|Any CPU.Build.0 = Debug|Any CPU
		{5BF2EFA9-E15E-4603-BBAF-B234619AE321}.Release|Any CPU.ActiveCfg = Release|Any CPU
		{5BF2EFA9-E15E-4603-BBAF-B234619AE321}.Release|Any CPU.Build.0 = Release|Any CPU
	EndGlobalSection
	GlobalSection(SolutionProperties) = preSolution
		HideSolutionNode = FALSE
	EndGlobalSection
	GlobalSection(ExtensibilityGlobals) = postSolution
		SolutionGuid = {C3A2B85E-0578-47C3-B10C-09AE853C1522}
	EndGlobalSection
EndGlobal
